
Microsoft Visual Studio Solution File, Format Version 12.00
# Visual Studio 15
VisualStudioVersion = 15.0.27004.2009
MinimumVisualStudioVersion = 10.0.40219.1
Project("{D954291E-2A0B-460D-934E-DC6B0785DB48}") = "TabAndScroll", "TabAndScroll\TabAndScroll\TabAndScroll.shproj", "{77E9EE42-9D35-49B6-8291-A2C61B2BAECF}"
EndProject
Project("{FAE04EC0-301F-11D3-BF4B-00C04F79EFBC}") = "TabAndScroll.Android", "TabAndScroll\TabAndScroll.Android\TabAndScroll.Android.csproj", "{B26AF7AB-0A04-46C7-B18A-9C25B3B8E45B}"
EndProject
Project("{FAE04EC0-301F-11D3-BF4B-00C04F79EFBC}") = "TabAndScroll.iOS", "TabAndScroll\TabAndScroll.iOS\TabAndScroll.iOS.csproj", "{A3F3AF7A-2370-41C7-BEFA-0B9F59B8B6AE}"
EndProject
Global
	GlobalSection(SharedMSBuildProjectFiles) = preSolution
		TabAndScroll\TabAndScroll\TabAndScroll.projitems*{77e9ee42-9d35-49b6-8291-a2c61b2baecf}*SharedItemsImports = 13
		TabAndScroll\TabAndScroll\TabAndScroll.projitems*{a3f3af7a-2370-41c7-befa-0b9f59b8b6ae}*SharedItemsImports = 4
		TabAndScroll\TabAndScroll\TabAndScroll.projitems*{b26af7ab-0a04-46c7-b18a-9c25b3b8e45b}*SharedItemsImports = 4
	EndGlobalSection
	GlobalSection(SolutionConfigurationPlatforms) = preSolution
		Ad-Hoc|Any CPU = Ad-Hoc|Any CPU
		Ad-Hoc|iPhone = Ad-Hoc|iPhone
		Ad-Hoc|iPhoneSimulator = Ad-Hoc|iPhoneSimulator
		AppStore|Any CPU = AppStore|Any CPU
		AppStore|iPhone = AppStore|iPhone
		AppStore|iPhoneSimulator = AppStore|iPhoneSimulator
		Debug|Any CPU = Debug|Any CPU
		Debug|iPhone = Debug|iPhone
		Debug|iPhoneSimulator = Debug|iPhoneSimulator
		Release|Any CPU = Release|Any CPU
		Release|iPhone = Release|iPhone
		Release|iPhoneSimulator = Release|iPhoneSimulator
	EndGlobalSection
	GlobalSection(ProjectConfigurationPlatforms) = postSolution
		{B26AF7AB-0A04-46C7-B18A-9C25B3B8E45B}.Ad-Hoc|Any CPU.ActiveCfg = Release|Any CPU
		{B26AF7AB-0A04-46C7-B18A-9C25B3B8E45B}.Ad-Hoc|Any CPU.Build.0 = Release|Any CPU
		{B26AF7AB-0A04-46C7-B18A-9C25B3B8E45B}.Ad-Hoc|Any CPU.Deploy.0 = Release|Any CPU
		{B26AF7AB-0A04-46C7-B18A-9C25B3B8E45B}.Ad-Hoc|iPhone.ActiveCfg = Release|Any CPU
		{B26AF7AB-0A04-46C7-B18A-9C25B3B8E45B}.Ad-Hoc|iPhone.Build.0 = Release|Any CPU
		{B26AF7AB-0A04-46C7-B18A-9C25B3B8E45B}.Ad-Hoc|iPhone.Deploy.0 = Release|Any CPU
		{B26AF7AB-0A04-46C7-B18A-9C25B3B8E45B}.Ad-Hoc|iPhoneSimulator.ActiveCfg = Release|Any CPU
		{B26AF7AB-0A04-46C7-B18A-9C25B3B8E45B}.Ad-Hoc|iPhoneSimulator.Build.0 = Release|Any CPU
		{B26AF7AB-0A04-46C7-B18A-9C25B3B8E45B}.Ad-Hoc|iPhoneSimulator.Deploy.0 = Release|Any CPU
		{B26AF7AB-0A04-46C7-B18A-9C25B3B8E45B}.AppStore|Any CPU.ActiveCfg = Release|Any CPU
		{B26AF7AB-0A04-46C7-B18A-9C25B3B8E45B}.AppStore|Any CPU.Build.0 = Release|Any CPU
		{B26AF7AB-0A04-46C7-B18A-9C25B3B8E45B}.AppStore|Any CPU.Deploy.0 = Release|Any CPU
		{B26AF7AB-0A04-46C7-B18A-9C25B3B8E45B}.AppStore|iPhone.ActiveCfg = Release|Any CPU
		{B26AF7AB-0A04-46C7-B18A-9C25B3B8E45B}.AppStore|iPhone.Build.0 = Release|Any CPU
		{B26AF7AB-0A04-46C7-B18A-9C25B3B8E45B}.AppStore|iPhone.Deploy.0 = Release|Any CPU
		{B26AF7AB-0A04-46C7-B18A-9C25B3B8E45B}.AppStore|iPhoneSimulator.ActiveCfg = Release|Any CPU
		{B26AF7AB-0A04-46C7-B18A-9C25B3B8E45B}.AppStore|iPhoneSimulator.Build.0 = Release|Any CPU
		{B26AF7AB-0A04-46C7-B18A-9C25B3B8E45B}.AppStore|iPhoneSimulator.Deploy.0 = Release|Any CPU
		{B26AF7AB-0A04-46C7-B18A-9C25B3B8E45B}.Debug|Any CPU.ActiveCfg = Debug|Any CPU
		{B26AF7AB-0A04-46C7-B18A-9C25B3B8E45B}.Debug|Any CPU.Build.0 = Debug|Any CPU
		{B26AF7AB-0A04-46C7-B18A-9C25B3B8E45B}.Debug|Any CPU.Deploy.0 = Debug|Any CPU
		{B26AF7AB-0A04-46C7-B18A-9C25B3B8E45B}.Debug|iPhone.ActiveCfg = Debug|Any CPU
		{B26AF7AB-0A04-46C7-B18A-9C25B3B8E45B}.Debug|iPhone.Build.0 = Debug|Any CPU
		{B26AF7AB-0A04-46C7-B18A-9C25B3B8E45B}.Debug|iPhone.Deploy.0 = Debug|Any CPU
		{B26AF7AB-0A04-46C7-B18A-9C25B3B8E45B}.Debug|iPhoneSimulator.ActiveCfg = Debug|Any CPU
		{B26AF7AB-0A04-46C7-B18A-9C25B3B8E45B}.Debug|iPhoneSimulator.Build.0 = Debug|Any CPU
		{B26AF7AB-0A04-46C7-B18A-9C25B3B8E45B}.Debug|iPhoneSimulator.Deploy.0 = Debug|Any CPU
		{B26AF7AB-0A04-46C7-B18A-9C25B3B8E45B}.Release|Any CPU.ActiveCfg = Release|Any CPU
		{B26AF7AB-0A04-46C7-B18A-9C25B3B8E45B}.Release|Any CPU.Build.0 = Release|Any CPU
		{B26AF7AB-0A04-46C7-B18A-9C25B3B8E45B}.Release|Any CPU.Deploy.0 = Release|Any CPU
		{B26AF7AB-0A04-46C7-B18A-9C25B3B8E45B}.Release|iPhone.ActiveCfg = Release|Any CPU
		{B26AF7AB-0A04-46C7-B18A-9C25B3B8E45B}.Release|iPhone.Build.0 = Release|Any CPU
		{B26AF7AB-0A04-46C7-B18A-9C25B3B8E45B}.Release|iPhone.Deploy.0 = Release|Any CPU
		{B26AF7AB-0A04-46C7-B18A-9C25B3B8E45B}.Release|iPhoneSimulator.ActiveCfg = Release|Any CPU
		{B26AF7AB-0A04-46C7-B18A-9C25B3B8E45B}.Release|iPhoneSimulator.Build.0 = Release|Any CPU
		{B26AF7AB-0A04-46C7-B18A-9C25B3B8E45B}.Release|iPhoneSimulator.Deploy.0 = Release|Any CPU
		{A3F3AF7A-2370-41C7-BEFA-0B9F59B8B6AE}.Ad-Hoc|Any CPU.ActiveCfg = Ad-Hoc|iPhoneSimulator
		{A3F3AF7A-2370-41C7-BEFA-0B9F59B8B6AE}.Ad-Hoc|iPhone.ActiveCfg = Ad-Hoc|iPhone
		{A3F3AF7A-2370-41C7-BEFA-0B9F59B8B6AE}.Ad-Hoc|iPhone.Build.0 = Ad-Hoc|iPhone
		{A3F3AF7A-2370-41C7-BEFA-0B9F59B8B6AE}.Ad-Hoc|iPhoneSimulator.ActiveCfg = Ad-Hoc|iPhoneSimulator
		{A3F3AF7A-2370-41C7-BEFA-0B9F59B8B6AE}.Ad-Hoc|iPhoneSimulator.Build.0 = Ad-Hoc|iPhoneSimulator
		{A3F3AF7A-2370-41C7-BEFA-0B9F59B8B6AE}.AppStore|Any CPU.ActiveCfg = AppStore|iPhoneSimulator
		{A3F3AF7A-2370-41C7-BEFA-0B9F59B8B6AE}.AppStore|iPhone.ActiveCfg = AppStore|iPhone
		{A3F3AF7A-2370-41C7-BEFA-0B9F59B8B6AE}.AppStore|iPhone.Build.0 = AppStore|iPhone
		{A3F3AF7A-2370-41C7-BEFA-0B9F59B8B6AE}.AppStore|iPhoneSimulator.ActiveCfg = AppStore|iPhoneSimulator
		{A3F3AF7A-2370-41C7-BEFA-0B9F59B8B6AE}.AppStore|iPhoneSimulator.Build.0 = AppStore|iPhoneSimulator
		{A3F3AF7A-2370-41C7-BEFA-0B9F59B8B6AE}.Debug|Any CPU.ActiveCfg = Debug|iPhoneSimulator
		{A3F3AF7A-2370-41C7-BEFA-0B9F59B8B6AE}.Debug|iPhone.ActiveCfg = Debug|iPhone
		{A3F3AF7A-2370-41C7-BEFA-0B9F59B8B6AE}.Debug|iPhone.Build.0 = Debug|iPhone
		{A3F3AF7A-2370-41C7-BEFA-0B9F59B8B6AE}.Debug|iPhoneSimulator.ActiveCfg = Debug|iPhoneSimulator
		{A3F3AF7A-2370-41C7-BEFA-0B9F59B8B6AE}.Debug|iPhoneSimulator.Build.0 = Debug|iPhoneSimulator
		{A3F3AF7A-2370-41C7-BEFA-0B9F59B8B6AE}.Release|Any CPU.ActiveCfg = Release|iPhoneSimulator
		{A3F3AF7A-2370-41C7-BEFA-0B9F59B8B6AE}.Release|iPhone.ActiveCfg = Release|iPhone
		{A3F3AF7A-2370-41C7-BEFA-0B9F59B8B6AE}.Release|iPhone.Build.0 = Release|iPhone
		{A3F3AF7A-2370-41C7-BEFA-0B9F59B8B6AE}.Release|iPhoneSimulator.ActiveCfg = Release|iPhoneSimulator
		{A3F3AF7A-2370-41C7-BEFA-0B9F59B8B6AE}.Release|iPhoneSimulator.Build.0 = Release|iPhoneSimulator
	EndGlobalSection
	GlobalSection(SolutionProperties) = preSolution
		HideSolutionNode = FALSE
	EndGlobalSection
	GlobalSection(ExtensibilityGlobals) = postSolution
		SolutionGuid = {F7198611-8D4A-4B63-A91E-3D7E0C9B14F7}
	EndGlobalSection
EndGlobal
